// !$*UTF8*$!
{
	archiveVersion = 1;
	classes = {
	};
	objectVersion = 77;
	objects = {

/* Begin PBXBuildFile section */
		56A3A9832FD0014400475152 /* WidgetKit.framework in Frameworks */ = {isa = PBXBuildFile; fileRef = 56A3A9822FD0014300475152 /* WidgetKit.framework */; };
		56A3A9852FD0014400475152 /* SwiftUI.framework in Frameworks */ = {isa = PBXBuildFile; fileRef = 56A3A9842FD0014400475152 /* SwiftUI.framework */; };
		56A3A9962FD0014600475152 /* Anabul-careWidgetExtension.appex in Embed Foundation Extensions */ = {isa = PBXBuildFile; fileRef = 56A3A9802FD0014300475152 /* Anabul-careWidgetExtension.appex */; settings = {ATTRIBUTES = (RemoveHeadersOnCopy, ); }; };
		56A3ABE72FD0180600475152 /* Anabul-care-WatchOS Watch App.app in Embed Watch Content */ = {isa = PBXBuildFile; fileRef = 56A3ABC72FD0180400475152 /* Anabul-care-WatchOS Watch App.app */; settings = {ATTRIBUTES = (RemoveHeadersOnCopy, ); }; };
/* End PBXBuildFile section */

/* Begin PBXContainerItemProxy section */
		566ACB882FBEE4E00046B347 /* PBXContainerItemProxy */ = {
			isa = PBXContainerItemProxy;
			containerPortal = 566ACB702FBEE4D80046B347 /* Project object */;
			proxyType = 1;
			remoteGlobalIDString = 566ACB772FBEE4D80046B347;
			remoteInfo = "anabul-care";
		};
		566ACB922FBEE4E00046B347 /* PBXContainerItemProxy */ = {
			isa = PBXContainerItemProxy;
			containerPortal = 566ACB702FBEE4D80046B347 /* Project object */;
			proxyType = 1;
			remoteGlobalIDString = 566ACB772FBEE4D80046B347;
			remoteInfo = "anabul-care";
		};
		56A3A9942FD0014600475152 /* PBXContainerItemProxy */ = {
			isa = PBXContainerItemProxy;
			containerPortal = 566ACB702FBEE4D80046B347 /* Project object */;
			proxyType = 1;
			remoteGlobalIDString = 56A3A97F2FD0014300475152;
			remoteInfo = "Anabul-careWidgetExtension";
		};
		56A3ABD42FD0180600475152 /* PBXContainerItemProxy */ = {
			isa = PBXContainerItemProxy;
			containerPortal = 566ACB702FBEE4D80046B347 /* Project object */;
			proxyType = 1;
			remoteGlobalIDString = 56A3ABC62FD0180400475152;
			remoteInfo = "Anabul-care-WatchOS Watch App";
		};
		56A3ABDE2FD0180600475152 /* PBXContainerItemProxy */ = {
			isa = PBXContainerItemProxy;
			containerPortal = 566ACB702FBEE4D80046B347 /* Project object */;
			proxyType = 1;
			remoteGlobalIDString = 56A3ABC62FD0180400475152;
			remoteInfo = "Anabul-care-WatchOS Watch App";
		};
		56A3ABE52FD0180600475152 /* PBXContainerItemProxy */ = {
			isa = PBXContainerItemProxy;
			containerPortal = 566ACB702FBEE4D80046B347 /* Project object */;
			proxyType = 1;
			remoteGlobalIDString = 56A3ABC62FD0180400475152;
			remoteInfo = "Anabul-care-WatchOS Watch App";
		};
/* End PBXContainerItemProxy section */

/* Begin PBXCopyFilesBuildPhase section */
		56A3A99B2FD0014600475152 /* Embed Foundation Extensions */ = {
			isa = PBXCopyFilesBuildPhase;
			buildActionMask = 2147483647;
			dstPath = "";
			dstSubfolderSpec = 13;
			files = (
				56A3A9962FD0014600475152 /* Anabul-careWidgetExtension.appex in Embed Foundation Extensions */,
			);
			name = "Embed Foundation Extensions";
			runOnlyForDeploymentPostprocessing = 0;
		};
		56A3ABEB2FD0180600475152 /* Embed Watch Content */ = {
			isa = PBXCopyFilesBuildPhase;
			buildActionMask = 2147483647;
			dstPath = "$(CONTENTS_FOLDER_PATH)/Watch";
			dstSubfolderSpec = 16;
			files = (
				56A3ABE72FD0180600475152 /* Anabul-care-WatchOS Watch App.app in Embed Watch Content */,
			);
			name = "Embed Watch Content";
			runOnlyForDeploymentPostprocessing = 0;
		};
/* End PBXCopyFilesBuildPhase section */

/* Begin PBXFileReference section */
		566ACB782FBEE4D90046B347 /* anabul-care.app */ = {isa = PBXFileReference; explicitFileType = wrapper.application; includeInIndex = 0; path = "anabul-care.app"; sourceTree = BUILT_PRODUCTS_DIR; };
		566ACB872FBEE4E00046B347 /* anabul-careTests.xctest */ = {isa = PBXFileReference; explicitFileType = wrapper.cfbundle; includeInIndex = 0; path = "anabul-careTests.xctest"; sourceTree = BUILT_PRODUCTS_DIR; };
		566ACB912FBEE4E00046B347 /* anabul-careUITests.xctest */ = {isa = PBXFileReference; explicitFileType = wrapper.cfbundle; includeInIndex = 0; path = "anabul-careUITests.xctest"; sourceTree = BUILT_PRODUCTS_DIR; };
		56A3A9802FD0014300475152 /* Anabul-careWidgetExtension.appex */ = {isa = PBXFileReference; explicitFileType = "wrapper.app-extension"; includeInIndex = 0; path = "Anabul-careWidgetExtension.appex"; sourceTree = BUILT_PRODUCTS_DIR; };
		56A3A9822FD0014300475152 /* WidgetKit.framework */ = {isa = PBXFileReference; lastKnownFileType = wrapper.framework; name = WidgetKit.framework; path = System/Library/Frameworks/WidgetKit.framework; sourceTree = SDKROOT; };
		56A3A9842FD0014400475152 /* SwiftUI.framework */ = {isa = PBXFileReference; lastKnownFileType = wrapper.framework; name = SwiftUI.framework; path = System/Library/Frameworks/SwiftUI.framework; sourceTree = SDKROOT; };
		56A3A99C2FD0018600475152 /* Anabul-careWidgetExtension.entitlements */ = {isa = PBXFileReference; lastKnownFileType = text.plist.entitlements; path = "Anabul-careWidgetExtension.entitlements"; sourceTree = "<group>"; };
		56A3ABC72FD0180400475152 /* Anabul-care-WatchOS Watch App.app */ = {isa = PBXFileReference; explicitFileType = wrapper.application; includeInIndex = 0; path = "Anabul-care-WatchOS Watch App.app"; sourceTree = BUILT_PRODUCTS_DIR; };
		56A3ABD32FD0180600475152 /* Anabul-care-WatchOS Watch AppTests.xctest */ = {isa = PBXFileReference; explicitFileType = wrapper.cfbundle; includeInIndex = 0; path = "Anabul-care-WatchOS Watch AppTests.xctest"; sourceTree = BUILT_PRODUCTS_DIR; };
		56A3ABDD2FD0180600475152 /* Anabul-care-WatchOS Watch AppUITests.xctest */ = {isa = PBXFileReference; explicitFileType = wrapper.cfbundle; includeInIndex = 0; path = "Anabul-care-WatchOS Watch AppUITests.xctest"; sourceTree = BUILT_PRODUCTS_DIR; };
/* End PBXFileReference section */

/* Begin PBXFileSystemSynchronizedBuildFileExceptionSet section */
		56A3A9972FD0014600475152 /* Exceptions for "Anabul-careWidget" folder in "Anabul-careWidgetExtension" target */ = {
			isa = PBXFileSystemSynchronizedBuildFileExceptionSet;
			membershipExceptions = (
				Info.plist,
			);
			target = 56A3A97F2FD0014300475152 /* Anabul-careWidgetExtension */;
		};
		56A3A99E2FD0025600475152 /* Exceptions for "anabul-care" folder in "Anabul-careWidgetExtension" target */ = {
			isa = PBXFileSystemSynchronizedBuildFileExceptionSet;
			membershipExceptions = (
				Models/ActivityLog.swift,
				Models/ClinicModel.swift,
				Models/Enums.swift,
				Models/PetProfile.swift,
				Models/Protocols.swift,
				Models/SpeciesRuleModel.swift,
				Models/TidbitModel.swift,
				Models/ToxicityModel.swift,
				Services/DailyRoutineGenerator.swift,
				Services/DataManager.swift,
				Services/LogActivityIntent.swift,
			);
			target = 56A3A97F2FD0014300475152 /* Anabul-careWidgetExtension */;
		};
		56A3ABFA2FD019AB00475152 /* Exceptions for "anabul-care" folder in "Anabul-care-WatchOS Watch App" target */ = {
			isa = PBXFileSystemSynchronizedBuildFileExceptionSet;
			membershipExceptions = (
				Models/ActivityLog.swift,
				Models/ClinicModel.swift,
				Models/Enums.swift,
				Models/PetProfile.swift,
				Models/Protocols.swift,
				Models/SpeciesRuleModel.swift,
				Models/TidbitModel.swift,
				Models/ToxicityModel.swift,
				Services/DailyRoutineGenerator.swift,
				Services/DataManager.swift,
			);
			target = 56A3ABC62FD0180400475152 /* Anabul-care-WatchOS Watch App */;
		};
/* End PBXFileSystemSynchronizedBuildFileExceptionSet section */

/* Begin PBXFileSystemSynchronizedRootGroup section */
		566ACB7A2FBEE4D90046B347 /* anabul-care */ = {
			isa = PBXFileSystemSynchronizedRootGroup;
			exceptions = (
				56A3A99E2FD0025600475152 /* Exceptions for "anabul-care" folder in "Anabul-careWidgetExtension" target */,
				56A3ABFA2FD019AB00475152 /* Exceptions for "anabul-care" folder in "Anabul-care-WatchOS Watch App" target */,
			);
			path = "anabul-care";
			sourceTree = "<group>";
		};
		566ACB8A2FBEE4E00046B347 /* anabul-careTests */ = {
			isa = PBXFileSystemSynchronizedRootGroup;
			path = "anabul-careTests";
			sourceTree = "<group>";
		};
		566ACB942FBEE4E00046B347 /* anabul-careUITests */ = {
			isa = PBXFileSystemSynchronizedRootGroup;
			path = "anabul-careUITests";
			sourceTree = "<group>";
		};
		56A3A9862FD0014400475152 /* Anabul-careWidget */ = {
			isa = PBXFileSystemSynchronizedRootGroup;
			exceptions = (
				56A3A9972FD0014600475152 /* Exceptions for "Anabul-careWidget" folder in "Anabul-careWidgetExtension" target */,
			);
			path = "Anabul-careWidget";
			sourceTree = "<group>";
		};
		56A3ABC82FD0180400475152 /* Anabul-care-WatchOS Watch App */ = {
			isa = PBXFileSystemSynchronizedRootGroup;
			path = "Anabul-care-WatchOS Watch App";
			sourceTree = "<group>";
		};
		56A3ABD62FD0180600475152 /* Anabul-care-WatchOS Watch AppTests */ = {
			isa = PBXFileSystemSynchronizedRootGroup;
			path = "Anabul-care-WatchOS Watch AppTests";
			sourceTree = "<group>";
		};
		56A3ABE02FD0180600475152 /* Anabul-care-WatchOS Watch AppUITests */ = {
			isa = PBXFileSystemSynchronizedRootGroup;
			path = "Anabul-care-WatchOS Watch AppUITests";
			sourceTree = "<group>";
		};
/* End PBXFileSystemSynchronizedRootGroup section */

/* Begin PBXFrameworksBuildPhase section */
		566ACB752FBEE4D80046B347 /* Frameworks */ = {
			isa = PBXFrameworksBuildPhase;
			buildActionMask = 2147483647;
			files = (
			);
			runOnlyForDeploymentPostprocessing = 0;
		};
		566ACB842FBEE4E00046B347 /* Frameworks */ = {
			isa = PBXFrameworksBuildPhase;
			buildActionMask = 2147483647;
			files = (
			);
			runOnlyForDeploymentPostprocessing = 0;
		};
		566ACB8E2FBEE4E00046B347 /* Frameworks */ = {
			isa = PBXFrameworksBuildPhase;
			buildActionMask = 2147483647;
			files = (
			);
			runOnlyForDeploymentPostprocessing = 0;
		};
		56A3A97D2FD0014300475152 /* Frameworks */ = {
			isa = PBXFrameworksBuildPhase;
			buildActionMask = 2147483647;
			files = (
				56A3A9852FD0014400475152 /* SwiftUI.framework in Frameworks */,
				56A3A9832FD0014400475152 /* WidgetKit.framework in Frameworks */,
			);
			runOnlyForDeploymentPostprocessing = 0;
		};
		56A3ABC42FD0180400475152 /* Frameworks */ = {
			isa = PBXFrameworksBuildPhase;
			buildActionMask = 2147483647;
			files = (
			);
			runOnlyForDeploymentPostprocessing = 0;
		};
		56A3ABD02FD0180600475152 /* Frameworks */ = {
			isa = PBXFrameworksBuildPhase;
			buildActionMask = 2147483647;
			files = (
			);
			runOnlyForDeploymentPostprocessing = 0;
		};
		56A3ABDA2FD0180600475152 /* Frameworks */ = {
			isa = PBXFrameworksBuildPhase;
			buildActionMask = 2147483647;
			files = (
			);
			runOnlyForDeploymentPostprocessing = 0;
		};
/* End PBXFrameworksBuildPhase section */

/* Begin PBXGroup section */
		566ACB6F2FBEE4D80046B347 = {
			isa = PBXGroup;
			children = (
				56A3A99C2FD0018600475152 /* Anabul-careWidgetExtension.entitlements */,
				566ACB7A2FBEE4D90046B347 /* anabul-care */,
				566ACB8A2FBEE4E00046B347 /* anabul-careTests */,
				566ACB942FBEE4E00046B347 /* anabul-careUITests */,
				56A3A9862FD0014400475152 /* Anabul-careWidget */,
				56A3ABC82FD0180400475152 /* Anabul-care-WatchOS Watch App */,
				56A3ABD62FD0180600475152 /* Anabul-care-WatchOS Watch AppTests */,
				56A3ABE02FD0180600475152 /* Anabul-care-WatchOS Watch AppUITests */,
				56A3A9812FD0014300475152 /* Frameworks */,
				566ACB792FBEE4D90046B347 /* Products */,
			);
			sourceTree = "<group>";
		};
		566ACB792FBEE4D90046B347 /* Products */ = {
			isa = PBXGroup;
			children = (
				566ACB782FBEE4D90046B347 /* anabul-care.app */,
				566ACB872FBEE4E00046B347 /* anabul-careTests.xctest */,
				566ACB912FBEE4E00046B347 /* anabul-careUITests.xctest */,
				56A3A9802FD0014300475152 /* Anabul-careWidgetExtension.appex */,
				56A3ABC72FD0180400475152 /* Anabul-care-WatchOS Watch App.app */,
				56A3ABD32FD0180600475152 /* Anabul-care-WatchOS Watch AppTests.xctest */,
				56A3ABDD2FD0180600475152 /* Anabul-care-WatchOS Watch AppUITests.xctest */,
			);
			name = Products;
			sourceTree = "<group>";
		};
		56A3A9812FD0014300475152 /* Frameworks */ = {
			isa = PBXGroup;
			children = (
				56A3A9822FD0014300475152 /* WidgetKit.framework */,
				56A3A9842FD0014400475152 /* SwiftUI.framework */,
			);
			name = Frameworks;
			sourceTree = "<group>";
		};
/* End PBXGroup section */

/* Begin PBXNativeTarget section */
		566ACB772FBEE4D80046B347 /* anabul-care */ = {
			isa = PBXNativeTarget;
			buildConfigurationList = 566ACB9B2FBEE4E00046B347 /* Build configuration list for PBXNativeTarget "anabul-care" */;
			buildPhases = (
				566ACB742FBEE4D80046B347 /* Sources */,
				566ACB752FBEE4D80046B347 /* Frameworks */,
				566ACB762FBEE4D80046B347 /* Resources */,
				56A3A99B2FD0014600475152 /* Embed Foundation Extensions */,
				56A3ABEB2FD0180600475152 /* Embed Watch Content */,
			);
			buildRules = (
			);
			dependencies = (
				56A3A9952FD0014600475152 /* PBXTargetDependency */,
				56A3ABE62FD0180600475152 /* PBXTargetDependency */,
			);
			fileSystemSynchronizedGroups = (
				566ACB7A2FBEE4D90046B347 /* anabul-care */,
			);
			name = "anabul-care";
			packageProductDependencies = (
			);
			productName = "anabul-care";
			productReference = 566ACB782FBEE4D90046B347 /* anabul-care.app */;
			productType = "com.apple.product-type.application";
		};
		566ACB862FBEE4E00046B347 /* anabul-careTests */ = {
			isa = PBXNativeTarget;
			buildConfigurationList = 566ACB9E2FBEE4E00046B347 /* Build configuration list for PBXNativeTarget "anabul-careTests" */;
			buildPhases = (
				566ACB832FBEE4E00046B347 /* Sources */,
				566ACB842FBEE4E00046B347 /* Frameworks */,
				566ACB852FBEE4E00046B347 /* Resources */,
			);
			buildRules = (
			);
			dependencies = (
				566ACB892FBEE4E00046B347 /* PBXTargetDependency */,
			);
			fileSystemSynchronizedGroups = (
				566ACB8A2FBEE4E00046B347 /* anabul-careTests */,
			);
			name = "anabul-careTests";
			packageProductDependencies = (
			);
			productName = "anabul-careTests";
			productReference = 566ACB872FBEE4E00046B347 /* anabul-careTests.xctest */;
			productType = "com.apple.product-type.bundle.unit-test";
		};
		566ACB902FBEE4E00046B347 /* anabul-careUITests */ = {
			isa = PBXNativeTarget;
			buildConfigurationList = 566ACBA12FBEE4E00046B347 /* Build configuration list for PBXNativeTarget "anabul-careUITests" */;
			buildPhases = (
				566ACB8D2FBEE4E00046B347 /* Sources */,
				566ACB8E2FBEE4E00046B347 /* Frameworks */,
				566ACB8F2FBEE4E00046B347 /* Resources */,
			);
			buildRules = (
			);
			dependencies = (
				566ACB932FBEE4E00046B347 /* PBXTargetDependency */,
			);
			fileSystemSynchronizedGroups = (
				566ACB942FBEE4E00046B347 /* anabul-careUITests */,
			);
			name = "anabul-careUITests";
			packageProductDependencies = (
			);
			productName = "anabul-careUITests";
			productReference = 566ACB912FBEE4E00046B347 /* anabul-careUITests.xctest */;
			productType = "com.apple.product-type.bundle.ui-testing";
		};
		56A3A97F2FD0014300475152 /* Anabul-careWidgetExtension */ = {
			isa = PBXNativeTarget;
			buildConfigurationList = 56A3A9982FD0014600475152 /* Build configuration list for PBXNativeTarget "Anabul-careWidgetExtension" */;
			buildPhases = (
				56A3A97C2FD0014300475152 /* Sources */,
				56A3A97D2FD0014300475152 /* Frameworks */,
				56A3A97E2FD0014300475152 /* Resources */,
			);
			buildRules = (
			);
			dependencies = (
			);
			fileSystemSynchronizedGroups = (
				56A3A9862FD0014400475152 /* Anabul-careWidget */,
			);
			name = "Anabul-careWidgetExtension";
			packageProductDependencies = (
			);
			productName = "Anabul-careWidgetExtension";
			productReference = 56A3A9802FD0014300475152 /* Anabul-careWidgetExtension.appex */;
			productType = "com.apple.product-type.app-extension";
		};
		56A3ABC62FD0180400475152 /* Anabul-care-WatchOS Watch App */ = {
			isa = PBXNativeTarget;
			buildConfigurationList = 56A3ABE82FD0180600475152 /* Build configuration list for PBXNativeTarget "Anabul-care-WatchOS Watch App" */;
			buildPhases = (
				56A3ABC32FD0180400475152 /* Sources */,
				56A3ABC42FD0180400475152 /* Frameworks */,
				56A3ABC52FD0180400475152 /* Resources */,
			);
			buildRules = (
			);
			dependencies = (
			);
			fileSystemSynchronizedGroups = (
				56A3ABC82FD0180400475152 /* Anabul-care-WatchOS Watch App */,
			);
			name = "Anabul-care-WatchOS Watch App";
			packageProductDependencies = (
			);
			productName = "Anabul-care-WatchOS Watch App";
			productReference = 56A3ABC72FD0180400475152 /* Anabul-care-WatchOS Watch App.app */;
			productType = "com.apple.product-type.application";
		};
		56A3ABD22FD0180600475152 /* Anabul-care-WatchOS Watch AppTests */ = {
			isa = PBXNativeTarget;
			buildConfigurationList = 56A3ABEC2FD0180600475152 /* Build configuration list for PBXNativeTarget "Anabul-care-WatchOS Watch AppTests" */;
			buildPhases = (
				56A3ABCF2FD0180600475152 /* Sources */,
				56A3ABD02FD0180600475152 /* Frameworks */,
				56A3ABD12FD0180600475152 /* Resources */,
			);
			buildRules = (
			);
			dependencies = (
				56A3ABD52FD0180600475152 /* PBXTargetDependency */,
			);
			fileSystemSynchronizedGroups = (
				56A3ABD62FD0180600475152 /* Anabul-care-WatchOS Watch AppTests */,
			);
			name = "Anabul-care-WatchOS Watch AppTests";
			packageProductDependencies = (
			);
			productName = "Anabul-care-WatchOS Watch AppTests";
			productReference = 56A3ABD32FD0180600475152 /* Anabul-care-WatchOS Watch AppTests.xctest */;
			productType = "com.apple.product-type.bundle.unit-test";
		};
		56A3ABDC2FD0180600475152 /* Anabul-care-WatchOS Watch AppUITests */ = {
			isa = PBXNativeTarget;
			buildConfigurationList = 56A3ABEF2FD0180600475152 /* Build configuration list for PBXNativeTarget "Anabul-care-WatchOS Watch AppUITests" */;
			buildPhases = (
				56A3ABD92FD0180600475152 /* Sources */,
				56A3ABDA2FD0180600475152 /* Frameworks */,
				56A3ABDB2FD0180600475152 /* Resources */,
			);
			buildRules = (
			);
			dependencies = (
				56A3ABDF2FD0180600475152 /* PBXTargetDependency */,
			);
			fileSystemSynchronizedGroups = (
				56A3ABE02FD0180600475152 /* Anabul-care-WatchOS Watch AppUITests */,
			);
			name = "Anabul-care-WatchOS Watch AppUITests";
			packageProductDependencies = (
			);
			productName = "Anabul-care-WatchOS Watch AppUITests";
			productReference = 56A3ABDD2FD0180600475152 /* Anabul-care-WatchOS Watch AppUITests.xctest */;
			productType = "com.apple.product-type.bundle.ui-testing";
		};
/* End PBXNativeTarget section */

/* Begin PBXProject section */
		566ACB702FBEE4D80046B347 /* Project object */ = {
			isa = PBXProject;
			attributes = {
				BuildIndependentTargetsInParallel = 1;
				LastSwiftUpdateCheck = 2620;
				LastUpgradeCheck = 2620;
				TargetAttributes = {
					566ACB772FBEE4D80046B347 = {
						CreatedOnToolsVersion = 26.2;
					};
					566ACB862FBEE4E00046B347 = {
						CreatedOnToolsVersion = 26.2;
						TestTargetID = 566ACB772FBEE4D80046B347;
					};
					566ACB902FBEE4E00046B347 = {
						CreatedOnToolsVersion = 26.2;
						TestTargetID = 566ACB772FBEE4D80046B347;
					};
					56A3A97F2FD0014300475152 = {
						CreatedOnToolsVersion = 26.2;
					};
					56A3ABC62FD0180400475152 = {
						CreatedOnToolsVersion = 26.2;
					};
					56A3ABD22FD0180600475152 = {
						CreatedOnToolsVersion = 26.2;
						TestTargetID = 56A3ABC62FD0180400475152;
					};
					56A3ABDC2FD0180600475152 = {
						CreatedOnToolsVersion = 26.2;
						TestTargetID = 56A3ABC62FD0180400475152;
					};
				};
			};
			buildConfigurationList = 566ACB732FBEE4D80046B347 /* Build configuration list for PBXProject "anabul-care" */;
			developmentRegion = en;
			hasScannedForEncodings = 0;
			knownRegions = (
				en,
				Base,
			);
			mainGroup = 566ACB6F2FBEE4D80046B347;
			minimizedProjectReferenceProxies = 1;
			preferredProjectObjectVersion = 77;
			productRefGroup = 566ACB792FBEE4D90046B347 /* Products */;
			projectDirPath = "";
			projectRoot = "";
			targets = (
				566ACB772FBEE4D80046B347 /* anabul-care */,
				566ACB862FBEE4E00046B347 /* anabul-careTests */,
				566ACB902FBEE4E00046B347 /* anabul-careUITests */,
				56A3A97F2FD0014300475152 /* Anabul-careWidgetExtension */,
				56A3ABC62FD0180400475152 /* Anabul-care-WatchOS Watch App */,
				56A3ABD22FD0180600475152 /* Anabul-care-WatchOS Watch AppTests */,
				56A3ABDC2FD0180600475152 /* Anabul-care-WatchOS Watch AppUITests */,
			);
		};
/* End PBXProject section */

/* Begin PBXResourcesBuildPhase section */
		566ACB762FBEE4D80046B347 /* Resources */ = {
			isa = PBXResourcesBuildPhase;
			buildActionMask = 2147483647;
			files = (
			);
			runOnlyForDeploymentPostprocessing = 0;
		};
		566ACB852FBEE4E00046B347 /* Resources */ = {
			isa = PBXResourcesBuildPhase;
			buildActionMask = 2147483647;
			files = (
			);
			runOnlyForDeploymentPostprocessing = 0;
		};
		566ACB8F2FBEE4E00046B347 /* Resources */ = {
			isa = PBXResourcesBuildPhase;
			buildActionMask = 2147483647;
			files = (
			);
			runOnlyForDeploymentPostprocessing = 0;
		};
		56A3A97E2FD0014300475152 /* Resources */ = {
			isa = PBXResourcesBuildPhase;
			buildActionMask = 2147483647;
			files = (
			);
			runOnlyForDeploymentPostprocessing = 0;
		};
		56A3ABC52FD0180400475152 /* Resources */ = {
			isa = PBXResourcesBuildPhase;
			buildActionMask = 2147483647;
			files = (
			);
			runOnlyForDeploymentPostprocessing = 0;
		};
		56A3ABD12FD0180600475152 /* Resources */ = {
			isa = PBXResourcesBuildPhase;
			buildActionMask = 2147483647;
			files = (
			);
			runOnlyForDeploymentPostprocessing = 0;
		};
		56A3ABDB2FD0180600475152 /* Resources */ = {
			isa = PBXResourcesBuildPhase;
			buildActionMask = 2147483647;
			files = (
			);
			runOnlyForDeploymentPostprocessing = 0;
		};
/* End PBXResourcesBuildPhase section */

/* Begin PBXSourcesBuildPhase section */
		566ACB742FBEE4D80046B347 /* Sources */ = {
			isa = PBXSourcesBuildPhase;
			buildActionMask = 2147483647;
			files = (
			);
			runOnlyForDeploymentPostprocessing = 0;
		};
		566ACB832FBEE4E00046B347 /* Sources */ = {
			isa = PBXSourcesBuildPhase;
			buildActionMask = 2147483647;
			files = (
			);
			runOnlyForDeploymentPostprocessing = 0;
		};
		566ACB8D2FBEE4E00046B347 /* Sources */ = {
			isa = PBXSourcesBuildPhase;
			buildActionMask = 2147483647;
			files = (
			);
			runOnlyForDeploymentPostprocessing = 0;
		};
		56A3A97C2FD0014300475152 /* Sources */ = {
			isa = PBXSourcesBuildPhase;
			buildActionMask = 2147483647;
			files = (
			);
			runOnlyForDeploymentPostprocessing = 0;
		};
		56A3ABC32FD0180400475152 /* Sources */ = {
			isa = PBXSourcesBuildPhase;
			buildActionMask = 2147483647;
			files = (
			);
			runOnlyForDeploymentPostprocessing = 0;
		};
		56A3ABCF2FD0180600475152 /* Sources */ = {
			isa = PBXSourcesBuildPhase;
			buildActionMask = 2147483647;
			files = (
			);
			runOnlyForDeploymentPostprocessing = 0;
		};
		56A3ABD92FD0180600475152 /* Sources */ = {
			isa = PBXSourcesBuildPhase;
			buildActionMask = 2147483647;
			files = (
			);
			runOnlyForDeploymentPostprocessing = 0;
		};
/* End PBXSourcesBuildPhase section */

/* Begin PBXTargetDependency section */
		566ACB892FBEE4E00046B347 /* PBXTargetDependency */ = {
			isa = PBXTargetDependency;
			target = 566ACB772FBEE4D80046B347 /* anabul-care */;
			targetProxy = 566ACB882FBEE4E00046B347 /* PBXContainerItemProxy */;
		};
		566ACB932FBEE4E00046B347 /* PBXTargetDependency */ = {
			isa = PBXTargetDependency;
			target = 566ACB772FBEE4D80046B347 /* anabul-care */;
			targetProxy = 566ACB922FBEE4E00046B347 /* PBXContainerItemProxy */;
		};
		56A3A9952FD0014600475152 /* PBXTargetDependency */ = {
			isa = PBXTargetDependency;
			target = 56A3A97F2FD0014300475152 /* Anabul-careWidgetExtension */;
			targetProxy = 56A3A9942FD0014600475152 /* PBXContainerItemProxy */;
		};
		56A3ABD52FD0180600475152 /* PBXTargetDependency */ = {
			isa = PBXTargetDependency;
			target = 56A3ABC62FD0180400475152 /* Anabul-care-WatchOS Watch App */;
			targetProxy = 56A3ABD42FD0180600475152 /* PBXContainerItemProxy */;
		};
		56A3ABDF2FD0180600475152 /* PBXTargetDependency */ = {
			isa = PBXTargetDependency;
			target = 56A3ABC62FD0180400475152 /* Anabul-care-WatchOS Watch App */;
			targetProxy = 56A3ABDE2FD0180600475152 /* PBXContainerItemProxy */;
		};
		56A3ABE62FD0180600475152 /* PBXTargetDependency */ = {
			isa = PBXTargetDependency;
			target = 56A3ABC62FD0180400475152 /* Anabul-care-WatchOS Watch App */;
			targetProxy = 56A3ABE52FD0180600475152 /* PBXContainerItemProxy */;
		};
/* End PBXTargetDependency section */

/* Begin XCBuildConfiguration section */
		566ACB992FBEE4E00046B347 /* Debug */ = {
			isa = XCBuildConfiguration;
			buildSettings = {
				ALWAYS_SEARCH_USER_PATHS = NO;
				ASSETCATALOG_COMPILER_GENERATE_SWIFT_ASSET_SYMBOL_EXTENSIONS = YES;
				CLANG_ANALYZER_NONNULL = YES;
				CLANG_ANALYZER_NUMBER_OBJECT_CONVERSION = YES_AGGRESSIVE;
				CLANG_CXX_LANGUAGE_STANDARD = "gnu++20";
				CLANG_ENABLE_MODULES = YES;
				CLANG_ENABLE_OBJC_ARC = YES;
				CLANG_ENABLE_OBJC_WEAK = YES;
				CLANG_WARN_BLOCK_CAPTURE_AUTORELEASING = YES;
				CLANG_WARN_BOOL_CONVERSION = YES;
				CLANG_WARN_COMMA = YES;
				CLANG_WARN_CONSTANT_CONVERSION = YES;
				CLANG_WARN_DEPRECATED_OBJC_IMPLEMENTATIONS = YES;
				CLANG_WARN_DIRECT_OBJC_ISA_USAGE = YES_ERROR;
				CLANG_WARN_DOCUMENTATION_COMMENTS = YES;
				CLANG_WARN_EMPTY_BODY = YES;
				CLANG_WARN_ENUM_CONVERSION = YES;
				CLANG_WARN_INFINITE_RECURSION = YES;
				CLANG_WARN_INT_CONVERSION = YES;
				CLANG_WARN_NON_LITERAL_NULL_CONVERSION = YES;
				CLANG_WARN_OBJC_IMPLICIT_RETAIN_SELF = YES;
				CLANG_WARN_OBJC_LITERAL_CONVERSION = YES;
				CLANG_WARN_OBJC_ROOT_CLASS = YES_ERROR;
				CLANG_WARN_QUOTED_INCLUDE_IN_FRAMEWORK_HEADER = YES;
				CLANG_WARN_RANGE_LOOP_ANALYSIS = YES;
				CLANG_WARN_STRICT_PROTOTYPES = YES;
				CLANG_WARN_SUSPICIOUS_MOVE = YES;
				CLANG_WARN_UNGUARDED_AVAILABILITY = YES_AGGRESSIVE;
				CLANG_WARN_UNREACHABLE_CODE = YES;
				CLANG_WARN__DUPLICATE_METHOD_MATCH = YES;
				COPY_PHASE_STRIP = NO;
				DEBUG_INFORMATION_FORMAT = dwarf;
				DEVELOPMENT_TEAM = Q5G563YDBB;
				ENABLE_STRICT_OBJC_MSGSEND = YES;
				ENABLE_TESTABILITY = YES;
				ENABLE_USER_SCRIPT_SANDBOXING = YES;
				GCC_C_LANGUAGE_STANDARD = gnu17;
				GCC_DYNAMIC_NO_PIC = NO;
				GCC_NO_COMMON_BLOCKS = YES;
				GCC_OPTIMIZATION_LEVEL = 0;
				GCC_PREPROCESSOR_DEFINITIONS = (
					"DEBUG=1",
					"$(inherited)",
				);
				GCC_WARN_64_TO_32_BIT_CONVERSION = YES;
				GCC_WARN_ABOUT_RETURN_TYPE = YES_ERROR;
				GCC_WARN_UNDECLARED_SELECTOR = YES;
				GCC_WARN_UNINITIALIZED_AUTOS = YES_AGGRESSIVE;
				GCC_WARN_UNUSED_FUNCTION = YES;
				GCC_WARN_UNUSED_VARIABLE = YES;
				IPHONEOS_DEPLOYMENT_TARGET = 26.2;
				LOCALIZATION_PREFERS_STRING_CATALOGS = YES;
				MTL_ENABLE_DEBUG_INFO = INCLUDE_SOURCE;
				MTL_FAST_MATH = YES;
				ONLY_ACTIVE_ARCH = YES;
				SDKROOT = iphoneos;
				SWIFT_ACTIVE_COMPILATION_CONDITIONS = "DEBUG $(inherited)";
				SWIFT_OPTIMIZATION_LEVEL = "-Onone";
			};
			name = Debug;
		};
		566ACB9A2FBEE4E00046B347 /* Release */ = {
			isa = XCBuildConfiguration;
			buildSettings = {
				ALWAYS_SEARCH_USER_PATHS = NO;
				ASSETCATALOG_COMPILER_GENERATE_SWIFT_ASSET_SYMBOL_EXTENSIONS = YES;
				CLANG_ANALYZER_NONNULL = YES;
				CLANG_ANALYZER_NUMBER_OBJECT_CONVERSION = YES_AGGRESSIVE;
				CLANG_CXX_LANGUAGE_STANDARD = "gnu++20";
				CLANG_ENABLE_MODULES = YES;
				CLANG_ENABLE_OBJC_ARC = YES;
				CLANG_ENABLE_OBJC_WEAK = YES;
				CLANG_WARN_BLOCK_CAPTURE_AUTORELEASING = YES;
				CLANG_WARN_BOOL_CONVERSION = YES;
				CLANG_WARN_COMMA = YES;
				CLANG_WARN_CONSTANT_CONVERSION = YES;
				CLANG_WARN_DEPRECATED_OBJC_IMPLEMENTATIONS = YES;
				CLANG_WARN_DIRECT_OBJC_ISA_USAGE = YES_ERROR;
				CLANG_WARN_DOCUMENTATION_COMMENTS = YES;
				CLANG_WARN_EMPTY_BODY = YES;
				CLANG_WARN_ENUM_CONVERSION = YES;
				CLANG_WARN_INFINITE_RECURSION = YES;
				CLANG_WARN_INT_CONVERSION = YES;
				CLANG_WARN_NON_LITERAL_NULL_CONVERSION = YES;
				CLANG_WARN_OBJC_IMPLICIT_RETAIN_SELF = YES;
				CLANG_WARN_OBJC_LITERAL_CONVERSION = YES;
				CLANG_WARN_OBJC_ROOT_CLASS = YES_ERROR;
				CLANG_WARN_QUOTED_INCLUDE_IN_FRAMEWORK_HEADER = YES;
				CLANG_WARN_RANGE_LOOP_ANALYSIS = YES;
				CLANG_WARN_STRICT_PROTOTYPES = YES;
				CLANG_WARN_SUSPICIOUS_MOVE = YES;
				CLANG_WARN_UNGUARDED_AVAILABILITY = YES_AGGRESSIVE;
				CLANG_WARN_UNREACHABLE_CODE = YES;
				CLANG_WARN__DUPLICATE_METHOD_MATCH = YES;
				COPY_PHASE_STRIP = NO;
				DEBUG_INFORMATION_FORMAT = "dwarf-with-dsym";
				DEVELOPMENT_TEAM = Q5G563YDBB;
				ENABLE_NS_ASSERTIONS = NO;
				ENABLE_STRICT_OBJC_MSGSEND = YES;
				ENABLE_USER_SCRIPT_SANDBOXING = YES;
				GCC_C_LANGUAGE_STANDARD = gnu17;
				GCC_NO_COMMON_BLOCKS = YES;
				GCC_WARN_64_TO_32_BIT_CONVERSION = YES;
				GCC_WARN_ABOUT_RETURN_TYPE = YES_ERROR;
				GCC_WARN_UNDECLARED_SELECTOR = YES;
				GCC_WARN_UNINITIALIZED_AUTOS = YES_AGGRESSIVE;
				GCC_WARN_UNUSED_FUNCTION = YES;
				GCC_WARN_UNUSED_VARIABLE = YES;
				IPHONEOS_DEPLOYMENT_TARGET = 26.2;
				LOCALIZATION_PREFERS_STRING_CATALOGS = YES;
				MTL_ENABLE_DEBUG_INFO = NO;
				MTL_FAST_MATH = YES;
				SDKROOT = iphoneos;
				SWIFT_COMPILATION_MODE = wholemodule;
				VALIDATE_PRODUCT = YES;
			};
			name = Release;
		};
		566ACB9C2FBEE4E00046B347 /* Debug */ = {
			isa = XCBuildConfiguration;
			buildSettings = {
				ASSETCATALOG_COMPILER_APPICON_NAME = AppIcon;
				ASSETCATALOG_COMPILER_GLOBAL_ACCENT_COLOR_NAME = AccentColor;
				CODE_SIGN_ENTITLEMENTS = "anabul-care/anabul-care.entitlements";
				CODE_SIGN_STYLE = Automatic;
				CURRENT_PROJECT_VERSION = 1;
				DEVELOPMENT_TEAM = Q5G563YDBB;
				ENABLE_PREVIEWS = YES;
				GENERATE_INFOPLIST_FILE = YES;
				INFOPLIST_KEY_BGTaskSchedulerPermittedIdentifiers = com.anabulcare.climateCheck;
				INFOPLIST_KEY_NSLocationWhenInUseUsageDescription = "We need your location to check the local temperature and warn you about heat risks for your pets.";
				INFOPLIST_KEY_NSUserNotificationsUsageDescription = "We send alerts when the weather becomes too hot for your pets.";
				INFOPLIST_KEY_UIApplicationSceneManifest_Generation = YES;
				INFOPLIST_KEY_UIApplicationSupportsIndirectInputEvents = YES;
				INFOPLIST_KEY_UIBackgroundModes = "fetch processing";
				INFOPLIST_KEY_UILaunchScreen_Generation = YES;
				INFOPLIST_KEY_UISupportedInterfaceOrientations_iPad = "UIInterfaceOrientationPortrait UIInterfaceOrientationPortraitUpsideDown UIInterfaceOrientationLandscapeLeft UIInterfaceOrientationLandscapeRight";
				INFOPLIST_KEY_UISupportedInterfaceOrientations_iPhone = "UIInterfaceOrientationPortrait UIInterfaceOrientationLandscapeLeft UIInterfaceOrientationLandscapeRight";
				IPHONEOS_DEPLOYMENT_TARGET = 26.0;
				LD_RUNPATH_SEARCH_PATHS = (
					"$(inherited)",
					"@executable_path/Frameworks",
				);
				MARKETING_VERSION = 1.0;
				PRODUCT_BUNDLE_IDENTIFIER = "com.Gee.anabul-care";
				PRODUCT_NAME = "$(TARGET_NAME)";
				STRING_CATALOG_GENERATE_SYMBOLS = YES;
				SWIFT_APPROACHABLE_CONCURRENCY = YES;
				SWIFT_DEFAULT_ACTOR_ISOLATION = MainActor;
				SWIFT_EMIT_LOC_STRINGS = YES;
				SWIFT_UPCOMING_FEATURE_MEMBER_IMPORT_VISIBILITY = YES;
				SWIFT_VERSION = 5.0;
				TARGETED_DEVICE_FAMILY = "1,2";
			};
			name = Debug;
		};
		566ACB9D2FBEE4E00046B347 /* Release */ = {
			isa = XCBuildConfiguration;
			buildSettings = {
				ASSETCATALOG_COMPILER_APPICON_NAME = AppIcon;
				ASSETCATALOG_COMPILER_GLOBAL_ACCENT_COLOR_NAME = AccentColor;
				CODE_SIGN_ENTITLEMENTS = "anabul-care/anabul-care.entitlements";
				CODE_SIGN_STYLE = Automatic;
				CURRENT_PROJECT_VERSION = 1;
				DEVELOPMENT_TEAM = Q5G563YDBB;
				ENABLE_PREVIEWS = YES;
				GENERATE_INFOPLIST_FILE = YES;
				INFOPLIST_KEY_BGTaskSchedulerPermittedIdentifiers = com.anabulcare.climateCheck;
				INFOPLIST_KEY_NSLocationWhenInUseUsageDescription = "We need your location to check the local temperature and warn you about heat risks for your pets.";
				INFOPLIST_KEY_NSUserNotificationsUsageDescription = "We send alerts when the weather becomes too hot for your pets.";
				INFOPLIST_KEY_UIApplicationSceneManifest_Generation = YES;
				INFOPLIST_KEY_UIApplicationSupportsIndirectInputEvents = YES;
				INFOPLIST_KEY_UIBackgroundModes = "fetch processing";
				INFOPLIST_KEY_UILaunchScreen_Generation = YES;
				INFOPLIST_KEY_UISupportedInterfaceOrientations_iPad = "UIInterfaceOrientationPortrait UIInterfaceOrientationPortraitUpsideDown UIInterfaceOrientationLandscapeLeft UIInterfaceOrientationLandscapeRight";
				INFOPLIST_KEY_UISupportedInterfaceOrientations_iPhone = "UIInterfaceOrientationPortrait UIInterfaceOrientationLandscapeLeft UIInterfaceOrientationLandscapeRight";
				IPHONEOS_DEPLOYMENT_TARGET = 26.0;
				LD_RUNPATH_SEARCH_PATHS = (
					"$(inherited)",
					"@executable_path/Frameworks",
				);
				MARKETING_VERSION = 1.0;
				PRODUCT_BUNDLE_IDENTIFIER = "com.Gee.anabul-care";
				PRODUCT_NAME = "$(TARGET_NAME)";
				STRING_CATALOG_GENERATE_SYMBOLS = YES;
				SWIFT_APPROACHABLE_CONCURRENCY = YES;
				SWIFT_DEFAULT_ACTOR_ISOLATION = MainActor;
				SWIFT_EMIT_LOC_STRINGS = YES;
				SWIFT_UPCOMING_FEATURE_MEMBER_IMPORT_VISIBILITY = YES;
				SWIFT_VERSION = 5.0;
				TARGETED_DEVICE_FAMILY = "1,2";
			};
			name = Release;
		};
		566ACB9F2FBEE4E00046B347 /* Debug */ = {
			isa = XCBuildConfiguration;
			buildSettings = {
				BUNDLE_LOADER = "$(TEST_HOST)";
				CODE_SIGN_STYLE = Automatic;
				CURRENT_PROJECT_VERSION = 1;
				DEVELOPMENT_TEAM = Q5G563YDBB;
				GENERATE_INFOPLIST_FILE = YES;
				IPHONEOS_DEPLOYMENT_TARGET = 26.2;
				MARKETING_VERSION = 1.0;
				PRODUCT_BUNDLE_IDENTIFIER = "com.Gee.anabul-careTests";
				PRODUCT_NAME = "$(TARGET_NAME)";
				STRING_CATALOG_GENERATE_SYMBOLS = NO;
				SWIFT_APPROACHABLE_CONCURRENCY = YES;
				SWIFT_EMIT_LOC_STRINGS = NO;
				SWIFT_UPCOMING_FEATURE_MEMBER_IMPORT_VISIBILITY = YES;
				SWIFT_VERSION = 5.0;
				TARGETED_DEVICE_FAMILY = "1,2";
				TEST_HOST = "$(BUILT_PRODUCTS_DIR)/anabul-care.app/$(BUNDLE_EXECUTABLE_FOLDER_PATH)/anabul-care";
			};
			name = Debug;
		};
		566ACBA02FBEE4E00046B347 /* Release */ = {
			isa = XCBuildConfiguration;
			buildSettings = {
				BUNDLE_LOADER = "$(TEST_HOST)";
				CODE_SIGN_STYLE = Automatic;
				CURRENT_PROJECT_VERSION = 1;
				DEVELOPMENT_TEAM = Q5G563YDBB;
				GENERATE_INFOPLIST_FILE = YES;
				IPHONEOS_DEPLOYMENT_TARGET = 26.2;
				MARKETING_VERSION = 1.0;
				PRODUCT_BUNDLE_IDENTIFIER = "com.Gee.anabul-careTests";
				PRODUCT_NAME = "$(TARGET_NAME)";
				STRING_CATALOG_GENERATE_SYMBOLS = NO;
				SWIFT_APPROACHABLE_CONCURRENCY = YES;
				SWIFT_EMIT_LOC_STRINGS = NO;
				SWIFT_UPCOMING_FEATURE_MEMBER_IMPORT_VISIBILITY = YES;
				SWIFT_VERSION = 5.0;
				TARGETED_DEVICE_FAMILY = "1,2";
				TEST_HOST = "$(BUILT_PRODUCTS_DIR)/anabul-care.app/$(BUNDLE_EXECUTABLE_FOLDER_PATH)/anabul-care";
			};
			name = Release;
		};
		566ACBA22FBEE4E00046B347 /* Debug */ = {
			isa = XCBuildConfiguration;
			buildSettings = {
				CODE_SIGN_STYLE = Automatic;
				CURRENT_PROJECT_VERSION = 1;
				DEVELOPMENT_TEAM = Q5G563YDBB;
				GENERATE_INFOPLIST_FILE = YES;
				MARKETING_VERSION = 1.0;
				PRODUCT_BUNDLE_IDENTIFIER = "com.Gee.anabul-careUITests";
				PRODUCT_NAME = "$(TARGET_NAME)";
				STRING_CATALOG_GENERATE_SYMBOLS = NO;
				SWIFT_APPROACHABLE_CONCURRENCY = YES;
				SWIFT_EMIT_LOC_STRINGS = NO;
				SWIFT_UPCOMING_FEATURE_MEMBER_IMPORT_VISIBILITY = YES;
				SWIFT_VERSION = 5.0;
				TARGETED_DEVICE_FAMILY = "1,2";
				TEST_TARGET_NAME = "anabul-care";
			};
			name = Debug;
		};
		566ACBA32FBEE4E00046B347 /* Release */ = {
			isa = XCBuildConfiguration;
			buildSettings = {
				CODE_SIGN_STYLE = Automatic;
				CURRENT_PROJECT_VERSION = 1;
				DEVELOPMENT_TEAM = Q5G563YDBB;
				GENERATE_INFOPLIST_FILE = YES;
				MARKETING_VERSION = 1.0;
				PRODUCT_BUNDLE_IDENTIFIER = "com.Gee.anabul-careUITests";
				PRODUCT_NAME = "$(TARGET_NAME)";
				STRING_CATALOG_GENERATE_SYMBOLS = NO;
				SWIFT_APPROACHABLE_CONCURRENCY = YES;
				SWIFT_EMIT_LOC_STRINGS = NO;
				SWIFT_UPCOMING_FEATURE_MEMBER_IMPORT_VISIBILITY = YES;
				SWIFT_VERSION = 5.0;
				TARGETED_DEVICE_FAMILY = "1,2";
				TEST_TARGET_NAME = "anabul-care";
			};
			name = Release;
		};
		56A3A9992FD0014600475152 /* Debug */ = {
			isa = XCBuildConfiguration;
			buildSettings = {
				ASSETCATALOG_COMPILER_GLOBAL_ACCENT_COLOR_NAME = AccentColor;
				ASSETCATALOG_COMPILER_WIDGET_BACKGROUND_COLOR_NAME = WidgetBackground;
				CODE_SIGN_ENTITLEMENTS = "Anabul-careWidgetExtension.entitlements";
				CODE_SIGN_STYLE = Automatic;
				CURRENT_PROJECT_VERSION = 1;
				DEVELOPMENT_TEAM = Q5G563YDBB;
				GENERATE_INFOPLIST_FILE = YES;
				INFOPLIST_FILE = "Anabul-careWidget/Info.plist";
				INFOPLIST_KEY_CFBundleDisplayName = "Anabul-careWidget";
				INFOPLIST_KEY_NSHumanReadableCopyright = "";
				LD_RUNPATH_SEARCH_PATHS = (
					"$(inherited)",
					"@executable_path/Frameworks",
					"@executable_path/../../Frameworks",
				);
				MARKETING_VERSION = 1.0;
				PRODUCT_BUNDLE_IDENTIFIER = "com.Gee.anabul-care.Anabul-careWidget";
				PRODUCT_NAME = "$(TARGET_NAME)";
				SKIP_INSTALL = YES;
				STRING_CATALOG_GENERATE_SYMBOLS = YES;
				SWIFT_APPROACHABLE_CONCURRENCY = YES;
				SWIFT_EMIT_LOC_STRINGS = YES;
				SWIFT_UPCOMING_FEATURE_MEMBER_IMPORT_VISIBILITY = YES;
				SWIFT_VERSION = 5.0;
				TARGETED_DEVICE_FAMILY = "1,2";
			};
			name = Debug;
		};
		56A3A99A2FD0014600475152 /* Release */ = {
			isa = XCBuildConfiguration;
			buildSettings = {
				ASSETCATALOG_COMPILER_GLOBAL_ACCENT_COLOR_NAME = AccentColor;
				ASSETCATALOG_COMPILER_WIDGET_BACKGROUND_COLOR_NAME = WidgetBackground;
				CODE_SIGN_ENTITLEMENTS = "Anabul-careWidgetExtension.entitlements";
				CODE_SIGN_STYLE = Automatic;
				CURRENT_PROJECT_VERSION = 1;
				DEVELOPMENT_TEAM = Q5G563YDBB;
				GENERATE_INFOPLIST_FILE = YES;
				INFOPLIST_FILE = "Anabul-careWidget/Info.plist";
				INFOPLIST_KEY_CFBundleDisplayName = "Anabul-careWidget";
				INFOPLIST_KEY_NSHumanReadableCopyright = "";
				LD_RUNPATH_SEARCH_PATHS = (
					"$(inherited)",
					"@executable_path/Frameworks",
					"@executable_path/../../Frameworks",
				);
				MARKETING_VERSION = 1.0;
				PRODUCT_BUNDLE_IDENTIFIER = "com.Gee.anabul-care.Anabul-careWidget";
				PRODUCT_NAME = "$(TARGET_NAME)";
				SKIP_INSTALL = YES;
				STRING_CATALOG_GENERATE_SYMBOLS = YES;
				SWIFT_APPROACHABLE_CONCURRENCY = YES;
				SWIFT_EMIT_LOC_STRINGS = YES;
				SWIFT_UPCOMING_FEATURE_MEMBER_IMPORT_VISIBILITY = YES;
				SWIFT_VERSION = 5.0;
				TARGETED_DEVICE_FAMILY = "1,2";
			};
			name = Release;
		};
		56A3ABE92FD0180600475152 /* Debug */ = {
			isa = XCBuildConfiguration;
			buildSettings = {
				ASSETCATALOG_COMPILER_APPICON_NAME = AppIcon;
				ASSETCATALOG_COMPILER_GLOBAL_ACCENT_COLOR_NAME = AccentColor;
				CODE_SIGN_STYLE = Automatic;
				CURRENT_PROJECT_VERSION = 1;
				DEVELOPMENT_TEAM = Q5G563YDBB;
				ENABLE_PREVIEWS = YES;
				GENERATE_INFOPLIST_FILE = YES;
				INFOPLIST_KEY_BGTaskSchedulerPermittedIdentifiers = com.anabulcare.climateCheck;
				INFOPLIST_KEY_CFBundleDisplayName = "Anabul-care-WatchOS";
				INFOPLIST_KEY_UIBackgroundModes = "fetch processing";
				INFOPLIST_KEY_UISupportedInterfaceOrientations = "UIInterfaceOrientationPortrait UIInterfaceOrientationPortraitUpsideDown";
				INFOPLIST_KEY_WKCompanionAppBundleIdentifier = "com.Gee.anabul-care";
				LD_RUNPATH_SEARCH_PATHS = (
					"$(inherited)",
					"@executable_path/Frameworks",
				);
				MARKETING_VERSION = 1.0;
				PRODUCT_BUNDLE_IDENTIFIER = "com.Gee.anabul-care.watchkitapp";
				PRODUCT_NAME = "$(TARGET_NAME)";
				SDKROOT = watchos;
				SKIP_INSTALL = YES;
				STRING_CATALOG_GENERATE_SYMBOLS = YES;
				SWIFT_APPROACHABLE_CONCURRENCY = YES;
				SWIFT_DEFAULT_ACTOR_ISOLATION = MainActor;
				SWIFT_EMIT_LOC_STRINGS = YES;
				SWIFT_UPCOMING_FEATURE_MEMBER_IMPORT_VISIBILITY = YES;
				SWIFT_VERSION = 5.0;
				TARGETED_DEVICE_FAMILY = 4;
				WATCHOS_DEPLOYMENT_TARGET = 26.2;
			};
			name = Debug;
		};
		56A3ABEA2FD0180600475152 /* Release */ = {
			isa = XCBuildConfiguration;
			buildSettings = {
				ASSETCATALOG_COMPILER_APPICON_NAME = AppIcon;
				ASSETCATALOG_COMPILER_GLOBAL_ACCENT_COLOR_NAME = AccentColor;
				CODE_SIGN_STYLE = Automatic;
				CURRENT_PROJECT_VERSION = 1;
				DEVELOPMENT_TEAM = Q5G563YDBB;
				ENABLE_PREVIEWS = YES;
				GENERATE_INFOPLIST_FILE = YES;
				INFOPLIST_KEY_BGTaskSchedulerPermittedIdentifiers = com.anabulcare.climateCheck;
				INFOPLIST_KEY_CFBundleDisplayName = "Anabul-care-WatchOS";
				INFOPLIST_KEY_UIBackgroundModes = "fetch processing";
				INFOPLIST_KEY_UISupportedInterfaceOrientations = "UIInterfaceOrientationPortrait UIInterfaceOrientationPortraitUpsideDown";
				INFOPLIST_KEY_WKCompanionAppBundleIdentifier = "com.Gee.anabul-care";
				LD_RUNPATH_SEARCH_PATHS = (
					"$(inherited)",
					"@executable_path/Frameworks",
				);
				MARKETING_VERSION = 1.0;
				PRODUCT_BUNDLE_IDENTIFIER = "com.Gee.anabul-care.watchkitapp";
				PRODUCT_NAME = "$(TARGET_NAME)";
				SDKROOT = watchos;
				SKIP_INSTALL = YES;
				STRING_CATALOG_GENERATE_SYMBOLS = YES;
				SWIFT_APPROACHABLE_CONCURRENCY = YES;
				SWIFT_DEFAULT_ACTOR_ISOLATION = MainActor;
				SWIFT_EMIT_LOC_STRINGS = YES;
				SWIFT_UPCOMING_FEATURE_MEMBER_IMPORT_VISIBILITY = YES;
				SWIFT_VERSION = 5.0;
				TARGETED_DEVICE_FAMILY = 4;
				WATCHOS_DEPLOYMENT_TARGET = 26.2;
			};
			name = Release;
		};
		56A3ABED2FD0180600475152 /* Debug */ = {
			isa = XCBuildConfiguration;
			buildSettings = {
				BUNDLE_LOADER = "$(TEST_HOST)";
				CODE_SIGN_STYLE = Automatic;
				CURRENT_PROJECT_VERSION = 1;
				DEVELOPMENT_TEAM = Q5G563YDBB;
				GENERATE_INFOPLIST_FILE = YES;
				MARKETING_VERSION = 1.0;
				PRODUCT_BUNDLE_IDENTIFIER = "com.Gee.anabul-care.Anabul-care-WatchOS-Watch-AppTests";
				PRODUCT_NAME = "$(TARGET_NAME)";
				SDKROOT = watchos;
				STRING_CATALOG_GENERATE_SYMBOLS = NO;
				SWIFT_APPROACHABLE_CONCURRENCY = YES;
				SWIFT_EMIT_LOC_STRINGS = NO;
				SWIFT_UPCOMING_FEATURE_MEMBER_IMPORT_VISIBILITY = YES;
				SWIFT_VERSION = 5.0;
				TARGETED_DEVICE_FAMILY = 4;
				TEST_HOST = "$(BUILT_PRODUCTS_DIR)/Anabul-care-WatchOS Watch App.app/$(BUNDLE_EXECUTABLE_FOLDER_PATH)/Anabul-care-WatchOS Watch App";
				WATCHOS_DEPLOYMENT_TARGET = 26.2;
			};
			name = Debug;
		};
		56A3ABEE2FD0180600475152 /* Release */ = {
			isa = XCBuildConfiguration;
			buildSettings = {
				BUNDLE_LOADER = "$(TEST_HOST)";
				CODE_SIGN_STYLE = Automatic;
				CURRENT_PROJECT_VERSION = 1;
				DEVELOPMENT_TEAM = Q5G563YDBB;
				GENERATE_INFOPLIST_FILE = YES;
				MARKETING_VERSION = 1.0;
				PRODUCT_BUNDLE_IDENTIFIER = "com.Gee.anabul-care.Anabul-care-WatchOS-Watch-AppTests";
				PRODUCT_NAME = "$(TARGET_NAME)";
				SDKROOT = watchos;
				STRING_CATALOG_GENERATE_SYMBOLS = NO;
				SWIFT_APPROACHABLE_CONCURRENCY = YES;
				SWIFT_EMIT_LOC_STRINGS = NO;
				SWIFT_UPCOMING_FEATURE_MEMBER_IMPORT_VISIBILITY = YES;
				SWIFT_VERSION = 5.0;
				TARGETED_DEVICE_FAMILY = 4;
				TEST_HOST = "$(BUILT_PRODUCTS_DIR)/Anabul-care-WatchOS Watch App.app/$(BUNDLE_EXECUTABLE_FOLDER_PATH)/Anabul-care-WatchOS Watch App";
				WATCHOS_DEPLOYMENT_TARGET = 26.2;
			};
			name = Release;
		};
		56A3ABF02FD0180600475152 /* Debug */ = {
			isa = XCBuildConfiguration;
			buildSettings = {
				CODE_SIGN_STYLE = Automatic;
				CURRENT_PROJECT_VERSION = 1;
				DEVELOPMENT_TEAM = Q5G563YDBB;
				GENERATE_INFOPLIST_FILE = YES;
				MARKETING_VERSION = 1.0;
				PRODUCT_BUNDLE_IDENTIFIER = "com.Gee.anabul-care.Anabul-care-WatchOS-Watch-AppUITests";
				PRODUCT_NAME = "$(TARGET_NAME)";
				SDKROOT = watchos;
				STRING_CATALOG_GENERATE_SYMBOLS = NO;
				SWIFT_APPROACHABLE_CONCURRENCY = YES;
				SWIFT_EMIT_LOC_STRINGS = NO;
				SWIFT_UPCOMING_FEATURE_MEMBER_IMPORT_VISIBILITY = YES;
				SWIFT_VERSION = 5.0;
				TARGETED_DEVICE_FAMILY = 4;
				TEST_TARGET_NAME = "Anabul-care-WatchOS Watch App";
				WATCHOS_DEPLOYMENT_TARGET = 26.2;
			};
			name = Debug;
		};
		56A3ABF12FD0180600475152 /* Release */ = {
			isa = XCBuildConfiguration;
			buildSettings = {
				CODE_SIGN_STYLE = Automatic;
				CURRENT_PROJECT_VERSION = 1;
				DEVELOPMENT_TEAM = Q5G563YDBB;
				GENERATE_INFOPLIST_FILE = YES;
				MARKETING_VERSION = 1.0;
				PRODUCT_BUNDLE_IDENTIFIER = "com.Gee.anabul-care.Anabul-care-WatchOS-Watch-AppUITests";
				PRODUCT_NAME = "$(TARGET_NAME)";
				SDKROOT = watchos;
				STRING_CATALOG_GENERATE_SYMBOLS = NO;
				SWIFT_APPROACHABLE_CONCURRENCY = YES;
				SWIFT_EMIT_LOC_STRINGS = NO;
				SWIFT_UPCOMING_FEATURE_MEMBER_IMPORT_VISIBILITY = YES;
				SWIFT_VERSION = 5.0;
				TARGETED_DEVICE_FAMILY = 4;
				TEST_TARGET_NAME = "Anabul-care-WatchOS Watch App";
				WATCHOS_DEPLOYMENT_TARGET = 26.2;
			};
			name = Release;
		};
/* End XCBuildConfiguration section */

/* Begin XCConfigurationList section */
		566ACB732FBEE4D80046B347 /* Build configuration list for PBXProject "anabul-care" */ = {
			isa = XCConfigurationList;
			buildConfigurations = (
				566ACB992FBEE4E00046B347 /* Debug */,
				566ACB9A2FBEE4E00046B347 /* Release */,
			);
			defaultConfigurationIsVisible = 0;
			defaultConfigurationName = Release;
		};
		566ACB9B2FBEE4E00046B347 /* Build configuration list for PBXNativeTarget "anabul-care" */ = {
			isa = XCConfigurationList;
			buildConfigurations = (
				566ACB9C2FBEE4E00046B347 /* Debug */,
				566ACB9D2FBEE4E00046B347 /* Release */,
			);
			defaultConfigurationIsVisible = 0;
			defaultConfigurationName = Release;
		};
		566ACB9E2FBEE4E00046B347 /* Build configuration list for PBXNativeTarget "anabul-careTests" */ = {
			isa = XCConfigurationList;
			buildConfigurations = (
				566ACB9F2FBEE4E00046B347 /* Debug */,
				566ACBA02FBEE4E00046B347 /* Release */,
			);
			defaultConfigurationIsVisible = 0;
			defaultConfigurationName = Release;
		};
		566ACBA12FBEE4E00046B347 /* Build configuration list for PBXNativeTarget "anabul-careUITests" */ = {
			isa = XCConfigurationList;
			buildConfigurations = (
				566ACBA22FBEE4E00046B347 /* Debug */,
				566ACBA32FBEE4E00046B347 /* Release */,
			);
			defaultConfigurationIsVisible = 0;
			defaultConfigurationName = Release;
		};
		56A3A9982FD0014600475152 /* Build configuration list for PBXNativeTarget "Anabul-careWidgetExtension" */ = {
			isa = XCConfigurationList;
			buildConfigurations = (
				56A3A9992FD0014600475152 /* Debug */,
				56A3A99A2FD0014600475152 /* Release */,
			);
			defaultConfigurationIsVisible = 0;
			defaultConfigurationName = Release;
		};
		56A3ABE82FD0180600475152 /* Build configuration list for PBXNativeTarget "Anabul-care-WatchOS Watch App" */ = {
			isa = XCConfigurationList;
			buildConfigurations = (
				56A3ABE92FD0180600475152 /* Debug */,
				56A3ABEA2FD0180600475152 /* Release */,
			);
			defaultConfigurationIsVisible = 0;
			defaultConfigurationName = Release;
		};
		56A3ABEC2FD0180600475152 /* Build configuration list for PBXNativeTarget "Anabul-care-WatchOS Watch AppTests" */ = {
			isa = XCConfigurationList;
			buildConfigurations = (
				56A3ABED2FD0180600475152 /* Debug */,
				56A3ABEE2FD0180600475152 /* Release */,
			);
			defaultConfigurationIsVisible = 0;
			defaultConfigurationName = Release;
		};
		56A3ABEF2FD0180600475152 /* Build configuration list for PBXNativeTarget "Anabul-care-WatchOS Watch AppUITests" */ = {
			isa = XCConfigurationList;
			buildConfigurations = (
				56A3ABF02FD0180600475152 /* Debug */,
				56A3ABF12FD0180600475152 /* Release */,
			);
			defaultConfigurationIsVisible = 0;
			defaultConfigurationName = Release;
		};
/* End XCConfigurationList section */
	};
	rootObject = 566ACB702FBEE4D80046B347 /* Project object */;
}
